
Microsoft Visual Studio Solution File, Format Version 12.00
# Visual Studio Version 17
VisualStudioVersion = 17.9.34728.123
MinimumVisualStudioVersion = 10.0.40219.1
Project("{FAE04EC0-301F-11D3-BF4B-00C04F79EFBC}") = "Contactly", "Contactly\Contactly.csproj", "{49067A6A-A95E-4059-90D0-CE1F8904F7A6}"
EndProject
Global
	GlobalSection(SolutionConfigurationPlatforms) = preSolution
		Debug|Any CPU = Debug|Any CPU
		Release|Any CPU = Release|Any CPU
	EndGlobalSection
	GlobalSection(ProjectConfigurationPlatforms) = postSolution
		{49067A6A-A95E-4059-90D0-CE1F8904F7A6}.Debug|Any CPU.ActiveCfg = Debug|Any CPU
		{49067A6A-A95E-4059-90D0-CE1F8904F7A6}.Debug|Any CPU.Build.0 = Debug|Any CPU
		{49067A6A-A95E-4059-90D0-CE1F8904F7A6}.Release|Any CPU.ActiveCfg = Release|Any CPU
		{49067A6A-A95E-4059-90D0-CE1F8904F7A6}.Release|Any CPU.Build.0 = Release|Any CPU
	EndGlobalSection
	GlobalSection(SolutionProperties) = preSolution
		HideSolutionNode = FALSE
	EndGlobalSection
	GlobalSection(ExtensibilityGlobals) = postSolution
		SolutionGuid = {7CE3A485-D3A4-4A2F-9841-E19BFA47C778}
	EndGlobalSection
EndGlobal
